Microsoft Visual Studio Solution File, Format Version 12.00
# Visual Studio 2012
Project("{FAE04EC0-301F-11D3-BF4B-00C04F79EFBC}") = "procedural_2D", "procedural_2D.csproj", "{0DE22D90-5437-4A45-9C17-892B72E12682}"
EndProject
Global
	GlobalSection(SolutionConfigurationPlatforms) = preSolution
	Debug|Any CPU = Debug|Any CPU
	ExportDebug|Any CPU = ExportDebug|Any CPU
	ExportRelease|Any CPU = ExportRelease|Any CPU
	EndGlobalSection
	GlobalSection(ProjectConfigurationPlatforms) = postSolution
		{0DE22D90-5437-4A45-9C17-892B72E12682}.Debug|Any CPU.ActiveCfg = Debug|Any CPU
		{0DE22D90-5437-4A45-9C17-892B72E12682}.Debug|Any CPU.Build.0 = Debug|Any CPU
		{0DE22D90-5437-4A45-9C17-892B72E12682}.ExportDebug|Any CPU.ActiveCfg = ExportDebug|Any CPU
		{0DE22D90-5437-4A45-9C17-892B72E12682}.ExportDebug|Any CPU.Build.0 = ExportDebug|Any CPU
		{0DE22D90-5437-4A45-9C17-892B72E12682}.ExportRelease|Any CPU.ActiveCfg = ExportRelease|Any CPU
		{0DE22D90-5437-4A45-9C17-892B72E12682}.ExportRelease|Any CPU.Build.0 = ExportRelease|Any CPU
	EndGlobalSection
EndGlobal
